// !$*UTF8*$!
{
	archiveVersion = 1;
	classes = {
	};
	objectVersion = 46;
	objects = {

/* Begin PBXBuildFile section */
		A72FD7BD159FF81E00B322CF /* Cocoa.framework in Frameworks */ = {isa = PBXBuildFile; fileRef = A72FD7BC159FF81E00B322CF /* Cocoa.framework */; };
		A72FD7C7159FF81E00B322CF /* InfoPlist.strings in Resources */ = {isa = PBXBuildFile; fileRef = A72FD7C5159FF81E00B322CF /* InfoPlist.strings */; };
		A72FD7C9159FF81E00B322CF /* main.m in Sources */ = {isa = PBXBuildFile; fileRef = A72FD7C8159FF81E00B322CF /* main.m */; };
		A72FD7CD159FF81E00B322CF /* Credits.rtf in Resources */ = {isa = PBXBuildFile; fileRef = A72FD7CB159FF81E00B322CF /* Credits.rtf */; };
		A72FD7D0159FF81E00B322CF /* MixAppDelegate.m in Sources */ = {isa = PBXBuildFile; fileRef = A72FD7CF159FF81E00B322CF /* MixAppDelegate.m */; };
		A72FD7D3159FF81E00B322CF /* MainMenu.xib in Resources */ = {isa = PBXBuildFile; fileRef = A72FD7D1159FF81E00B322CF /* MainMenu.xib */; };
		A7609B4B15A07A1B001792B7 /* MixConnectionDelegate.m in Sources */ = {isa = PBXBuildFile; fileRef = A7609B4A15A07A1B001792B7 /* MixConnectionDelegate.m */; };
		A7609B5115A0C67A001792B7 /* MainWindow.xib in Resources */ = {isa = PBXBuildFile; fileRef = A7609B5315A0C67A001792B7 /* MainWindow.xib */; };
		A78C5D9815AA7275007EC021 /* MixManagerDelegate.m in Sources */ = {isa = PBXBuildFile; fileRef = A78C5D9715AA7275007EC021 /* MixManagerDelegate.m */; };
		A78C5DD215AB343C007EC021 /* OptionsWindow.m in Sources */ = {isa = PBXBuildFile; fileRef = A78C5DD115AB343C007EC021 /* OptionsWindow.m */; };
		A7BDBE3915ABD447008A8666 /* Agnes.framework in Frameworks */ = {isa = PBXBuildFile; fileRef = A7BDBE3715ABD399008A8666 /* Agnes.framework */; };
		A7BDBE4415AC1328008A8666 /* MixSession.m in Sources */ = {isa = PBXBuildFile; fileRef = A7BDBE4315AC1328008A8666 /* MixSession.m */; };
		A7BDBE4615AC365D008A8666 /* WebKit.framework in Frameworks */ = {isa = PBXBuildFile; fileRef = A7BDBE4515AC365C008A8666 /* WebKit.framework */; };
		A7BDBE4F15AC7EFC008A8666 /* Options.xib in Resources */ = {isa = PBXBuildFile; fileRef = A7BDBE5115AC7EFC008A8666 /* Options.xib */; };
		A7BDBE5815AC7FBA008A8666 /* feb.js in Resources */ = {isa = PBXBuildFile; fileRef = A7BDBE5915AC7FBA008A8666 /* feb.js */; };
		A7BDBE5B15AC9C12008A8666 /* index.html in Resources */ = {isa = PBXBuildFile; fileRef = A7BDBE5A15AC9C12008A8666 /* index.html */; };
		A7BDBE6015ACA923008A8666 /* Feb.m in Sources */ = {isa = PBXBuildFile; fileRef = A7BDBE5F15ACA923008A8666 /* Feb.m */; };
/* End PBXBuildFile section */

/* Begin PBXContainerItemProxy section */
		A7788B9115AD0E9300AE8573 /* PBXContainerItemProxy */ = {
			isa = PBXContainerItemProxy;
			containerPortal = A7BDBE2415ABD314008A8666 /* Agnes.xcodeproj */;
			proxyType = 2;
			remoteGlobalIDString = A7FDC28A15ABCF1600E8BC6E;
			remoteInfo = Agnes;
		};
/* End PBXContainerItemProxy section */

/* Begin PBXFileReference section */
		A72FD7B8159FF81E00B322CF /* Mixtape.app */ = {isa = PBXFileReference; explicitFileType = wrapper.application; includeInIndex = 0; path = Mixtape.app; sourceTree = BUILT_PRODUCTS_DIR; };
		A72FD7BC159FF81E00B322CF /* Cocoa.framework */ = {isa = PBXFileReference; lastKnownFileType = wrapper.framework; name = Cocoa.framework; path = System/Library/Frameworks/Cocoa.framework; sourceTree = SDKROOT; };
		A72FD7BF159FF81E00B322CF /* AppKit.framework */ = {isa = PBXFileReference; lastKnownFileType = wrapper.framework; name = AppKit.framework; path = System/Library/Frameworks/AppKit.framework; sourceTree = SDKROOT; };
		A72FD7C0159FF81E00B322CF /* CoreData.framework */ = {isa = PBXFileReference; lastKnownFileType = wrapper.framework; name = CoreData.framework; path = System/Library/Frameworks/CoreData.framework; sourceTree = SDKROOT; };
		A72FD7C1159FF81E00B322CF /* Foundation.framework */ = {isa = PBXFileReference; lastKnownFileType = wrapper.framework; name = Foundation.framework; path = System/Library/Frameworks/Foundation.framework; sourceTree = SDKROOT; };
		A72FD7C4159FF81E00B322CF /* Mixtape-Info.plist */ = {isa = PBXFileReference; lastKnownFileType = text.plist.xml; path = "Mixtape-Info.plist"; sourceTree = "<group>"; };
		A72FD7C6159FF81E00B322CF /* en */ = {isa = PBXFileReference; lastKnownFileType = text.plist.strings; name = en; path = en.lproj/InfoPlist.strings; sourceTree = "<group>"; };
		A72FD7C8159FF81E00B322CF /* main.m */ = {isa = PBXFileReference; lastKnownFileType = sourcecode.c.objc; path = main.m; sourceTree = "<group>"; };
		A72FD7CA159FF81E00B322CF /* Mixtape-Prefix.pch */ = {isa = PBXFileReference; lastKnownFileType = sourcecode.c.h; path = "Mixtape-Prefix.pch"; sourceTree = "<group>"; };
		A72FD7CC159FF81E00B322CF /* en */ = {isa = PBXFileReference; lastKnownFileType = text.rtf; name = en; path = en.lproj/Credits.rtf; sourceTree = "<group>"; };
		A72FD7CE159FF81E00B322CF /* MixAppDelegate.h */ = {isa = PBXFileReference; lastKnownFileType = sourcecode.c.h; path = MixAppDelegate.h; sourceTree = "<group>"; };
		A72FD7CF159FF81E00B322CF /* MixAppDelegate.m */ = {isa = PBXFileReference; lastKnownFileType = sourcecode.c.objc; path = MixAppDelegate.m; sourceTree = "<group>"; };
		A72FD7D2159FF81E00B322CF /* en */ = {isa = PBXFileReference; lastKnownFileType = file.xib; name = en; path = en.lproj/MainMenu.xib; sourceTree = "<group>"; };
		A7609B2815A04830001792B7 /* Mixtape.entitlements */ = {isa = PBXFileReference; lastKnownFileType = text.xml; path = Mixtape.entitlements; sourceTree = "<group>"; };
		A7609B4915A07A1B001792B7 /* MixConnectionDelegate.h */ = {isa = PBXFileReference; fileEncoding = 4; lastKnownFileType = sourcecode.c.h; path = MixConnectionDelegate.h; sourceTree = "<group>"; };
		A7609B4A15A07A1B001792B7 /* MixConnectionDelegate.m */ = {isa = PBXFileReference; fileEncoding = 4; lastKnownFileType = sourcecode.c.objc; path = MixConnectionDelegate.m; sourceTree = "<group>"; };
		A7609B5215A0C67A001792B7 /* en */ = {isa = PBXFileReference; lastKnownFileType = file.xib; name = en; path = en.lproj/MainWindow.xib; sourceTree = "<group>"; };
		A78C5D9615AA7275007EC021 /* MixManagerDelegate.h */ = {isa = PBXFileReference; fileEncoding = 4; lastKnownFileType = sourcecode.c.h; path = MixManagerDelegate.h; sourceTree = "<group>"; };
		A78C5D9715AA7275007EC021 /* MixManagerDelegate.m */ = {isa = PBXFileReference; fileEncoding = 4; lastKnownFileType = sourcecode.c.objc; path = MixManagerDelegate.m; sourceTree = "<group>"; };
		A78C5DD015AB343C007EC021 /* OptionsWindow.h */ = {isa = PBXFileReference; fileEncoding = 4; lastKnownFileType = sourcecode.c.h; path = OptionsWindow.h; sourceTree = "<group>"; };
		A78C5DD115AB343C007EC021 /* OptionsWindow.m */ = {isa = PBXFileReference; fileEncoding = 4; lastKnownFileType = sourcecode.c.objc; path = OptionsWindow.m; sourceTree = "<group>"; };
		A7BDBE2415ABD314008A8666 /* Agnes.xcodeproj */ = {isa = PBXFileReference; lastKnownFileType = "wrapper.pb-project"; name = Agnes.xcodeproj; path = ../Agnes/Agnes.xcodeproj; sourceTree = "<group>"; };
		A7BDBE3715ABD399008A8666 /* Agnes.framework */ = {isa = PBXFileReference; lastKnownFileType = wrapper.framework; name = Agnes.framework; path = "../../Library/Developer/Xcode/DerivedData/Mixtape-dfpovtgxfkyjurefmaxotwjhbmnm/Build/Products/Debug/Agnes.framework"; sourceTree = "<group>"; };
		A7BDBE4215AC1328008A8666 /* MixSession.h */ = {isa = PBXFileReference; fileEncoding = 4; lastKnownFileType = sourcecode.c.h; path = MixSession.h; sourceTree = "<group>"; };
		A7BDBE4315AC1328008A8666 /* MixSession.m */ = {isa = PBXFileReference; fileEncoding = 4; lastKnownFileType = sourcecode.c.objc; path = MixSession.m; sourceTree = "<group>"; };
		A7BDBE4515AC365C008A8666 /* WebKit.framework */ = {isa = PBXFileReference; lastKnownFileType = wrapper.framework; name = WebKit.framework; path = System/Library/Frameworks/WebKit.framework; sourceTree = SDKROOT; };
		A7BDBE5015AC7EFC008A8666 /* en */ = {isa = PBXFileReference; lastKnownFileType = file.xib; name = en; path = en.lproj/Options.xib; sourceTree = "<group>"; };
		A7BDBE5915AC7FBA008A8666 /* feb.js */ = {isa = PBXFileReference; lastKnownFileType = sourcecode.javascript; path = feb.js; sourceTree = "<group>"; };
		A7BDBE5A15AC9C12008A8666 /* index.html */ = {isa = PBXFileReference; fileEncoding = 4; lastKnownFileType = text.html; path = index.html; sourceTree = "<group>"; };
		A7BDBE5E15ACA923008A8666 /* Feb.h */ = {isa = PBXFileReference; fileEncoding = 4; lastKnownFileType = sourcecode.c.h; path = Feb.h; sourceTree = "<group>"; };
		A7BDBE5F15ACA923008A8666 /* Feb.m */ = {isa = PBXFileReference; fileEncoding = 4; lastKnownFileType = sourcecode.c.objc; path = Feb.m; sourceTree = "<group>"; };
/* End PBXFileReference section */

/* Begin PBXFrameworksBuildPhase section */
		A72FD7B5159FF81E00B322CF /* Frameworks */ = {
			isa = PBXFrameworksBuildPhase;
			buildActionMask = 2147483647;
			files = (
				A7BDBE4615AC365D008A8666 /* WebKit.framework in Frameworks */,
				A7BDBE3915ABD447008A8666 /* Agnes.framework in Frameworks */,
				A72FD7BD159FF81E00B322CF /* Cocoa.framework in Frameworks */,
			);
			runOnlyForDeploymentPostprocessing = 0;
		};
/* End PBXFrameworksBuildPhase section */

/* Begin PBXGroup section */
		A72FD7AD159FF81E00B322CF = {
			isa = PBXGroup;
			children = (
				A72FD7C2159FF81E00B322CF /* Mixtape */,
				A72FD7BB159FF81E00B322CF /* Frameworks */,
				A72FD7B9159FF81E00B322CF /* Products */,
				A7BDBE2415ABD314008A8666 /* Agnes.xcodeproj */,
			);
			sourceTree = "<group>";
		};
		A72FD7B9159FF81E00B322CF /* Products */ = {
			isa = PBXGroup;
			children = (
				A72FD7B8159FF81E00B322CF /* Mixtape.app */,
			);
			name = Products;
			sourceTree = "<group>";
		};
		A72FD7BB159FF81E00B322CF /* Frameworks */ = {
			isa = PBXGroup;
			children = (
				A7BDBE4515AC365C008A8666 /* WebKit.framework */,
				A7BDBE3715ABD399008A8666 /* Agnes.framework */,
				A72FD7BC159FF81E00B322CF /* Cocoa.framework */,
				A72FD7BE159FF81E00B322CF /* Other Frameworks */,
			);
			name = Frameworks;
			sourceTree = "<group>";
		};
		A72FD7BE159FF81E00B322CF /* Other Frameworks */ = {
			isa = PBXGroup;
			children = (
				A72FD7BF159FF81E00B322CF /* AppKit.framework */,
				A72FD7C0159FF81E00B322CF /* CoreData.framework */,
				A72FD7C1159FF81E00B322CF /* Foundation.framework */,
			);
			name = "Other Frameworks";
			sourceTree = "<group>";
		};
		A72FD7C2159FF81E00B322CF /* Mixtape */ = {
			isa = PBXGroup;
			children = (
				A7609B2815A04830001792B7 /* Mixtape.entitlements */,
				A72FD7CE159FF81E00B322CF /* MixAppDelegate.h */,
				A72FD7CF159FF81E00B322CF /* MixAppDelegate.m */,
				A7609B4915A07A1B001792B7 /* MixConnectionDelegate.h */,
				A7609B4A15A07A1B001792B7 /* MixConnectionDelegate.m */,
				A78C5D9615AA7275007EC021 /* MixManagerDelegate.h */,
				A78C5D9715AA7275007EC021 /* MixManagerDelegate.m */,
				A7BDBE4215AC1328008A8666 /* MixSession.h */,
				A7BDBE4315AC1328008A8666 /* MixSession.m */,
				A7BDBE4C15AC7D07008A8666 /* FebView */,
				A7609B4C15A07A35001792B7 /* Interface */,
				A72FD7C3159FF81E00B322CF /* Supporting Files */,
			);
			path = Mixtape;
			sourceTree = "<group>";
		};
		A72FD7C3159FF81E00B322CF /* Supporting Files */ = {
			isa = PBXGroup;
			children = (
				A72FD7C4159FF81E00B322CF /* Mixtape-Info.plist */,
				A72FD7C5159FF81E00B322CF /* InfoPlist.strings */,
				A72FD7C8159FF81E00B322CF /* main.m */,
				A72FD7CA159FF81E00B322CF /* Mixtape-Prefix.pch */,
				A72FD7CB159FF81E00B322CF /* Credits.rtf */,
			);
			name = "Supporting Files";
			sourceTree = "<group>";
		};
		A7609B4C15A07A35001792B7 /* Interface */ = {
			isa = PBXGroup;
			children = (
				A78C5DD015AB343C007EC021 /* OptionsWindow.h */,
				A78C5DD115AB343C007EC021 /* OptionsWindow.m */,
				A7BDBE5115AC7EFC008A8666 /* Options.xib */,
				A7609B5315A0C67A001792B7 /* MainWindow.xib */,
				A72FD7D1159FF81E00B322CF /* MainMenu.xib */,
				A7BDBE5C15AC9C19008A8666 /* HTML */,
				A7BDBE5D15ACA52D008A8666 /* JavaScript */,
			);
			name = Interface;
			sourceTree = "<group>";
		};
		A7788B8E15AD0E9300AE8573 /* Products */ = {
			isa = PBXGroup;
			children = (
				A7788B9215AD0E9300AE8573 /* Agnes.framework */,
			);
			name = Products;
			sourceTree = "<group>";
		};
		A7BDBE4C15AC7D07008A8666 /* FebView */ = {
			isa = PBXGroup;
			children = (
				A7BDBE5E15ACA923008A8666 /* Feb.h */,
				A7BDBE5F15ACA923008A8666 /* Feb.m */,
			);
			name = FebView;
			sourceTree = "<group>";
		};
		A7BDBE5C15AC9C19008A8666 /* HTML */ = {
			isa = PBXGroup;
			children = (
				A7BDBE5A15AC9C12008A8666 /* index.html */,
			);
			name = HTML;
			sourceTree = "<group>";
		};
		A7BDBE5D15ACA52D008A8666 /* JavaScript */ = {
			isa = PBXGroup;
			children = (
				A7BDBE5915AC7FBA008A8666 /* feb.js */,
			);
			name = JavaScript;
			sourceTree = "<group>";
		};
/* End PBXGroup section */

/* Begin PBXNativeTarget section */
		A72FD7B7159FF81E00B322CF /* Mixtape */ = {
			isa = PBXNativeTarget;
			buildConfigurationList = A72FD7D6159FF81E00B322CF /* Build configuration list for PBXNativeTarget "Mixtape" */;
			buildPhases = (
				A72FD7B4159FF81E00B322CF /* Sources */,
				A72FD7B5159FF81E00B322CF /* Frameworks */,
				A72FD7B6159FF81E00B322CF /* Resources */,
			);
			buildRules = (
			);
			dependencies = (
			);
			name = Mixtape;
			productName = Mixtape;
			productReference = A72FD7B8159FF81E00B322CF /* Mixtape.app */;
			productType = "com.apple.product-type.application";
		};
/* End PBXNativeTarget section */

/* Begin PBXProject section */
		A72FD7AF159FF81E00B322CF /* Project object */ = {
			isa = PBXProject;
			attributes = {
				CLASSPREFIX = Mix;
				LastUpgradeCheck = 0430;
			};
			buildConfigurationList = A72FD7B2159FF81E00B322CF /* Build configuration list for PBXProject "Mixtape" */;
			compatibilityVersion = "Xcode 3.2";
			developmentRegion = English;
			hasScannedForEncodings = 0;
			knownRegions = (
				en,
			);
			mainGroup = A72FD7AD159FF81E00B322CF;
			productRefGroup = A72FD7B9159FF81E00B322CF /* Products */;
			projectDirPath = "";
			projectReferences = (
				{
					ProductGroup = A7788B8E15AD0E9300AE8573 /* Products */;
					ProjectRef = A7BDBE2415ABD314008A8666 /* Agnes.xcodeproj */;
				},
			);
			projectRoot = "";
			targets = (
				A72FD7B7159FF81E00B322CF /* Mixtape */,
			);
		};
/* End PBXProject section */

/* Begin PBXReferenceProxy section */
		A7788B9215AD0E9300AE8573 /* Agnes.framework */ = {
			isa = PBXReferenceProxy;
			fileType = wrapper.framework;
			path = Agnes.framework;
			remoteRef = A7788B9115AD0E9300AE8573 /* PBXContainerItemProxy */;
			sourceTree = BUILT_PRODUCTS_DIR;
		};
/* End PBXReferenceProxy section */

/* Begin PBXResourcesBuildPhase section */
		A72FD7B6159FF81E00B322CF /* Resources */ = {
			isa = PBXResourcesBuildPhase;
			buildActionMask = 2147483647;
			files = (
				A7BDBE5815AC7FBA008A8666 /* feb.js in Resources */,
				A72FD7C7159FF81E00B322CF /* InfoPlist.strings in Resources */,
				A72FD7CD159FF81E00B322CF /* Credits.rtf in Resources */,
				A72FD7D3159FF81E00B322CF /* MainMenu.xib in Resources */,
				A7609B5115A0C67A001792B7 /* MainWindow.xib in Resources */,
				A7BDBE4F15AC7EFC008A8666 /* Options.xib in Resources */,
				A7BDBE5B15AC9C12008A8666 /* index.html in Resources */,
			);
			runOnlyForDeploymentPostprocessing = 0;
		};
/* End PBXResourcesBuildPhase section */

/* Begin PBXSourcesBuildPhase section */
		A72FD7B4159FF81E00B322CF /* Sources */ = {
			isa = PBXSourcesBuildPhase;
			buildActionMask = 2147483647;
			files = (
				A72FD7C9159FF81E00B322CF /* main.m in Sources */,
				A72FD7D0159FF81E00B322CF /* MixAppDelegate.m in Sources */,
				A7609B4B15A07A1B001792B7 /* MixConnectionDelegate.m in Sources */,
				A78C5D9815AA7275007EC021 /* MixManagerDelegate.m in Sources */,
				A78C5DD215AB343C007EC021 /* OptionsWindow.m in Sources */,
				A7BDBE4415AC1328008A8666 /* MixSession.m in Sources */,
				A7BDBE6015ACA923008A8666 /* Feb.m in Sources */,
			);
			runOnlyForDeploymentPostprocessing = 0;
		};
/* End PBXSourcesBuildPhase section */

/* Begin PBXVariantGroup section */
		A72FD7C5159FF81E00B322CF /* InfoPlist.strings */ = {
			isa = PBXVariantGroup;
			children = (
				A72FD7C6159FF81E00B322CF /* en */,
			);
			name = InfoPlist.strings;
			sourceTree = "<group>";
		};
		A72FD7CB159FF81E00B322CF /* Credits.rtf */ = {
			isa = PBXVariantGroup;
			children = (
				A72FD7CC159FF81E00B322CF /* en */,
			);
			name = Credits.rtf;
			sourceTree = "<group>";
		};
		A72FD7D1159FF81E00B322CF /* MainMenu.xib */ = {
			isa = PBXVariantGroup;
			children = (
				A72FD7D2159FF81E00B322CF /* en */,
			);
			name = MainMenu.xib;
			sourceTree = "<group>";
		};
		A7609B5315A0C67A001792B7 /* MainWindow.xib */ = {
			isa = PBXVariantGroup;
			children = (
				A7609B5215A0C67A001792B7 /* en */,
			);
			name = MainWindow.xib;
			sourceTree = "<group>";
		};
		A7BDBE5115AC7EFC008A8666 /* Options.xib */ = {
			isa = PBXVariantGroup;
			children = (
				A7BDBE5015AC7EFC008A8666 /* en */,
			);
			name = Options.xib;
			sourceTree = "<group>";
		};
/* End PBXVariantGroup section */

/* Begin XCBuildConfiguration section */
		A72FD7D4159FF81E00B322CF /* Debug */ = {
			isa = XCBuildConfiguration;
			buildSettings = {
				ALWAYS_SEARCH_USER_PATHS = NO;
				ARCHS = "$(ARCHS_STANDARD_64_BIT)";
				CLANG_ENABLE_OBJC_ARC = YES;
				COPY_PHASE_STRIP = NO;
				GCC_C_LANGUAGE_STANDARD = gnu99;
				GCC_DYNAMIC_NO_PIC = NO;
				GCC_ENABLE_OBJC_EXCEPTIONS = YES;
				GCC_OPTIMIZATION_LEVEL = 0;
				GCC_PREPROCESSOR_DEFINITIONS = (
					"DEBUG=1",
					"$(inherited)",
				);
				GCC_SYMBOLS_PRIVATE_EXTERN = NO;
				GCC_VERSION = com.apple.compilers.llvm.clang.1_0;
				GCC_WARN_64_TO_32_BIT_CONVERSION = YES;
				GCC_WARN_ABOUT_RETURN_TYPE = YES;
				GCC_WARN_UNINITIALIZED_AUTOS = YES;
				GCC_WARN_UNUSED_VARIABLE = YES;
				MACOSX_DEPLOYMENT_TARGET = 10.7;
				ONLY_ACTIVE_ARCH = YES;
				SDKROOT = macosx;
			};
			name = Debug;
		};
		A72FD7D5159FF81E00B322CF /* Release */ = {
			isa = XCBuildConfiguration;
			buildSettings = {
				ALWAYS_SEARCH_USER_PATHS = NO;
				ARCHS = "$(ARCHS_STANDARD_64_BIT)";
				CLANG_ENABLE_OBJC_ARC = YES;
				COPY_PHASE_STRIP = YES;
				DEBUG_INFORMATION_FORMAT = "dwarf-with-dsym";
				GCC_C_LANGUAGE_STANDARD = gnu99;
				GCC_ENABLE_OBJC_EXCEPTIONS = YES;
				GCC_VERSION = com.apple.compilers.llvm.clang.1_0;
				GCC_WARN_64_TO_32_BIT_CONVERSION = YES;
				GCC_WARN_ABOUT_RETURN_TYPE = YES;
				GCC_WARN_UNINITIALIZED_AUTOS = YES;
				GCC_WARN_UNUSED_VARIABLE = YES;
				MACOSX_DEPLOYMENT_TARGET = 10.7;
				SDKROOT = macosx;
			};
			name = Release;
		};
		A72FD7D7159FF81E00B322CF /* Debug */ = {
			isa = XCBuildConfiguration;
			buildSettings = {
				FRAMEWORK_SEARCH_PATHS = (
					"$(inherited)",
					"\"$(SRCROOT)/../../Library/Developer/Xcode/DerivedData/Mixtape-cguydnvhvzwmxuadrwkuslanniny/Build/Products/Debug\"",
					"\"$(SRCROOT)/../../Library/Developer/Xcode/DerivedData/Mixtape-dfpovtgxfkyjurefmaxotwjhbmnm/Build/Products/Debug\"",
				);
				GCC_PRECOMPILE_PREFIX_HEADER = YES;
				GCC_PREFIX_HEADER = "Mixtape/Mixtape-Prefix.pch";
				INFOPLIST_FILE = "Mixtape/Mixtape-Info.plist";
				MACOSX_DEPLOYMENT_TARGET = 10.7;
				PRODUCT_NAME = "$(TARGET_NAME)";
				WRAPPER_EXTENSION = app;
			};
			name = Debug;
		};
		A72FD7D8159FF81E00B322CF /* Release */ = {
			isa = XCBuildConfiguration;
			buildSettings = {
				FRAMEWORK_SEARCH_PATHS = (
					"$(inherited)",
					"\"$(SRCROOT)/../../Library/Developer/Xcode/DerivedData/Mixtape-cguydnvhvzwmxuadrwkuslanniny/Build/Products/Debug\"",
					"\"$(SRCROOT)/../../Library/Developer/Xcode/DerivedData/Mixtape-dfpovtgxfkyjurefmaxotwjhbmnm/Build/Products/Debug\"",
				);
				GCC_PRECOMPILE_PREFIX_HEADER = YES;
				GCC_PREFIX_HEADER = "Mixtape/Mixtape-Prefix.pch";
				INFOPLIST_FILE = "Mixtape/Mixtape-Info.plist";
				MACOSX_DEPLOYMENT_TARGET = 10.7;
				PRODUCT_NAME = "$(TARGET_NAME)";
				WRAPPER_EXTENSION = app;
			};
			name = Release;
		};
/* End XCBuildConfiguration section */

/* Begin XCConfigurationList section */
		A72FD7B2159FF81E00B322CF /* Build configuration list for PBXProject "Mixtape" */ = {
			isa = XCConfigurationList;
			buildConfigurations = (
				A72FD7D4159FF81E00B322CF /* Debug */,
				A72FD7D5159FF81E00B322CF /* Release */,
			);
			defaultConfigurationIsVisible = 0;
			defaultConfigurationName = Release;
		};
		A72FD7D6159FF81E00B322CF /* Build configuration list for PBXNativeTarget "Mixtape" */ = {
			isa = XCConfigurationList;
			buildConfigurations = (
				A72FD7D7159FF81E00B322CF /* Debug */,
				A72FD7D8159FF81E00B322CF /* Release */,
			);
			defaultConfigurationIsVisible = 0;
			defaultConfigurationName = Release;
		};
/* End XCConfigurationList section */
	};
	rootObject = A72FD7AF159FF81E00B322CF /* Project object */;
}
